PODS:
  - FBSDKCoreKit (7.0.0):
    - FBSDKCoreKit/Basics (= 7.0.0)
    - FBSDKCoreKit/Core (= 7.0.0)
  - FBSDKCoreKit/Basics (7.0.0)
  - FBSDKCoreKit/Core (7.0.0):
    - FBSDKCoreKit/Basics
  - FBSDKLoginKit (7.0.0):
    - FBSDKLoginKit/Login (= 7.0.0)
  - FBSDKLoginKit/Login (7.0.0):
    - FBSDKCoreKit (~> 7.0.0)
  - PureLayout (3.1.6)

DEPENDENCIES:
  - FBSDKLoginKit
  - PureLayout

SPEC REPOS:
  trunk:
    - FBSDKCoreKit
    - FBSDKLoginKit
    - PureLayout

SPEC CHECKSUMS:
  FBSDKCoreKit: 8ad31cd09f793d1d7e84cf20fd6cebfe80ad318d
  FBSDKLoginKit: 5d1e321dc45ab1fa09198b77fc17c32a06f008c0
  PureLayout: bd3c4ec3a3819ad387c99ebb72c6b129c3ed4d2d

PODFILE CHECKSUM: 3fea43a652da95ccd3e449063691e1bc21d01efe

COCOAPODS: 1.9.0
